// !$*UTF8*$!
{
	archiveVersion = 1;
	classes = {
	};
	objectVersion = 46;
	objects = {

/* Begin PBXBuildFile section */
		633667A71A3C4C100020E6BF /* Images.xcassets in Resources */ = {isa = PBXBuildFile; fileRef = 633667A61A3C4C100020E6BF /* Images.xcassets */; };
		636B59711CA77BCE00AAD4B0 /* libmoai-ios-3rdparty-crypto.a in Frameworks */ = {isa = PBXBuildFile; fileRef = 636B59591CA77BCE00AAD4B0 /* libmoai-ios-3rdparty-crypto.a */; };
		636B59721CA77BCE00AAD4B0 /* libmoai-ios-apple.a in Frameworks */ = {isa = PBXBuildFile; fileRef = 636B595A1CA77BCE00AAD4B0 /* libmoai-ios-apple.a */; };
		636B59731CA77BCE00AAD4B0 /* libmoai-ios-audio-sampler.a in Frameworks */ = {isa = PBXBuildFile; fileRef = 636B595B1CA77BCE00AAD4B0 /* libmoai-ios-audio-sampler.a */; };
		636B59741CA77BCE00AAD4B0 /* libmoai-ios-billing.a in Frameworks */ = {isa = PBXBuildFile; fileRef = 636B595C1CA77BCE00AAD4B0 /* libmoai-ios-billing.a */; };
		636B59751CA77BCE00AAD4B0 /* libmoai-ios-box2d.a in Frameworks */ = {isa = PBXBuildFile; fileRef = 636B595D1CA77BCE00AAD4B0 /* libmoai-ios-box2d.a */; };
		636B59761CA77BCE00AAD4B0 /* libmoai-ios-crypto.a in Frameworks */ = {isa = PBXBuildFile; fileRef = 636B595E1CA77BCE00AAD4B0 /* libmoai-ios-crypto.a */; };
		636B59771CA77BCE00AAD4B0 /* libmoai-ios-facebook.a in Frameworks */ = {isa = PBXBuildFile; fileRef = 636B595F1CA77BCE00AAD4B0 /* libmoai-ios-facebook.a */; };
		636B59781CA77BCE00AAD4B0 /* libmoai-ios-gamecenter.a in Frameworks */ = {isa = PBXBuildFile; fileRef = 636B59601CA77BCE00AAD4B0 /* libmoai-ios-gamecenter.a */; };
		636B59791CA77BCE00AAD4B0 /* libmoai-ios-http-client.a in Frameworks */ = {isa = PBXBuildFile; fileRef = 636B59611CA77BCE00AAD4B0 /* libmoai-ios-http-client.a */; };
		636B597A1CA77BCE00AAD4B0 /* libmoai-ios-http-server.a in Frameworks */ = {isa = PBXBuildFile; fileRef = 636B59621CA77BCE00AAD4B0 /* libmoai-ios-http-server.a */; };
		636B597B1CA77BCE00AAD4B0 /* libmoai-ios-image-jpg.a in Frameworks */ = {isa = PBXBuildFile; fileRef = 636B59631CA77BCE00AAD4B0 /* libmoai-ios-image-jpg.a */; };
		636B597C1CA77BCE00AAD4B0 /* libmoai-ios-image-png.a in Frameworks */ = {isa = PBXBuildFile; fileRef = 636B59641CA77BCE00AAD4B0 /* libmoai-ios-image-png.a */; };
		636B597D1CA77BCE00AAD4B0 /* libmoai-ios-image-pvr.a in Frameworks */ = {isa = PBXBuildFile; fileRef = 636B59651CA77BCE00AAD4B0 /* libmoai-ios-image-pvr.a */; };
		636B597E1CA77BCE00AAD4B0 /* libmoai-ios-image-webp.a in Frameworks */ = {isa = PBXBuildFile; fileRef = 636B59661CA77BCE00AAD4B0 /* libmoai-ios-image-webp.a */; };
		636B597F1CA77BCE00AAD4B0 /* libmoai-ios-luaext.a in Frameworks */ = {isa = PBXBuildFile; fileRef = 636B59671CA77BCE00AAD4B0 /* libmoai-ios-luaext.a */; };
		636B59801CA77BCE00AAD4B0 /* libmoai-ios-motion.a in Frameworks */ = {isa = PBXBuildFile; fileRef = 636B59681CA77BCE00AAD4B0 /* libmoai-ios-motion.a */; };
		636B59811CA77BCE00AAD4B0 /* libmoai-ios-movie.a in Frameworks */ = {isa = PBXBuildFile; fileRef = 636B59691CA77BCE00AAD4B0 /* libmoai-ios-movie.a */; };
		636B59821CA77BCE00AAD4B0 /* libmoai-ios-sim.a in Frameworks */ = {isa = PBXBuildFile; fileRef = 636B596A1CA77BCE00AAD4B0 /* libmoai-ios-sim.a */; };
		636B59831CA77BCE00AAD4B0 /* libmoai-ios-untz.a in Frameworks */ = {isa = PBXBuildFile; fileRef = 636B596B1CA77BCE00AAD4B0 /* libmoai-ios-untz.a */; };
		636B59841CA77BCE00AAD4B0 /* libmoai-ios-zl-core.a in Frameworks */ = {isa = PBXBuildFile; fileRef = 636B596C1CA77BCE00AAD4B0 /* libmoai-ios-zl-core.a */; };
		636B59851CA77BCE00AAD4B0 /* libmoai-ios-zl-crypto.a in Frameworks */ = {isa = PBXBuildFile; fileRef = 636B596D1CA77BCE00AAD4B0 /* libmoai-ios-zl-crypto.a */; };
		636B59861CA77BCE00AAD4B0 /* libmoai-ios-zl-vfs.a in Frameworks */ = {isa = PBXBuildFile; fileRef = 636B596E1CA77BCE00AAD4B0 /* libmoai-ios-zl-vfs.a */; };
		636B59871CA77BCE00AAD4B0 /* libmoai-ios.a in Frameworks */ = {isa = PBXBuildFile; fileRef = 636B596F1CA77BCE00AAD4B0 /* libmoai-ios.a */; };
		636B599C1CA783E200AAD4B0 /* FBSDKCoreKit.framework in Frameworks */ = {isa = PBXBuildFile; fileRef = 636B59991CA783E200AAD4B0 /* FBSDKCoreKit.framework */; };
		636B599D1CA783E200AAD4B0 /* FBSDKLoginKit.framework in Frameworks */ = {isa = PBXBuildFile; fileRef = 636B599A1CA783E200AAD4B0 /* FBSDKLoginKit.framework */; };
		636B599E1CA783E200AAD4B0 /* FBSDKShareKit.framework in Frameworks */ = {isa = PBXBuildFile; fileRef = 636B599B1CA783E200AAD4B0 /* FBSDKShareKit.framework */; };
		6396B95D1BD67CA20065A9E7 /* aku_plugins.cpp in Sources */ = {isa = PBXBuildFile; fileRef = 6396B95C1BD67CA20065A9E7 /* aku_plugins.cpp */; };
		63A2AD191D1BEF6D008D5D59 /* MOAICommandThread.mm in Sources */ = {isa = PBXBuildFile; fileRef = 63A2AD121D1BEF6D008D5D59 /* MOAICommandThread.mm */; };
		63A2AD1A1D1BEF6D008D5D59 /* MOAIContextMgr.mm in Sources */ = {isa = PBXBuildFile; fileRef = 63A2AD141D1BEF6D008D5D59 /* MOAIContextMgr.mm */; };
		63A2AD1B1D1BEF6D008D5D59 /* MOAIRenderer.mm in Sources */ = {isa = PBXBuildFile; fileRef = 63A2AD161D1BEF6D008D5D59 /* MOAIRenderer.mm */; };
		63A2AD1C1D1BEF6D008D5D59 /* MOAIRendererAsync.mm in Sources */ = {isa = PBXBuildFile; fileRef = 63A2AD181D1BEF6D008D5D59 /* MOAIRendererAsync.mm */; };
		63A2AD311D1BEFB3008D5D59 /* libmoai-ios-3rdparty-contrib.a in Frameworks */ = {isa = PBXBuildFile; fileRef = 63A2AD1D1D1BEFB3008D5D59 /* libmoai-ios-3rdparty-contrib.a */; };
		63A2AD321D1BEFB3008D5D59 /* libmoai-ios-3rdparty-expat.a in Frameworks */ = {isa = PBXBuildFile; fileRef = 63A2AD1E1D1BEFB3008D5D59 /* libmoai-ios-3rdparty-expat.a */; };
		63A2AD331D1BEFB3008D5D59 /* libmoai-ios-3rdparty-freetype.a in Frameworks */ = {isa = PBXBuildFile; fileRef = 63A2AD1F1D1BEFB3008D5D59 /* libmoai-ios-3rdparty-freetype.a */; };
		63A2AD341D1BEFB3008D5D59 /* libmoai-ios-3rdparty-jannson.a in Frameworks */ = {isa = PBXBuildFile; fileRef = 63A2AD201D1BEFB3008D5D59 /* libmoai-ios-3rdparty-jannson.a */; };
		63A2AD351D1BEFB3008D5D59 /* libmoai-ios-3rdparty-liblua.a in Frameworks */ = {isa = PBXBuildFile; fileRef = 63A2AD211D1BEFB3008D5D59 /* libmoai-ios-3rdparty-liblua.a */; };
		63A2AD361D1BEFB3008D5D59 /* libmoai-ios-3rdparty-libtess.a in Frameworks */ = {isa = PBXBuildFile; fileRef = 63A2AD221D1BEFB3008D5D59 /* libmoai-ios-3rdparty-libtess.a */; };
		63A2AD371D1BEFB3008D5D59 /* libmoai-ios-3rdparty-sfmt.a in Frameworks */ = {isa = PBXBuildFile; fileRef = 63A2AD231D1BEFB3008D5D59 /* libmoai-ios-3rdparty-sfmt.a */; };
		63A2AD381D1BEFB3008D5D59 /* libmoai-ios-3rdparty-tinyxml.a in Frameworks */ = {isa = PBXBuildFile; fileRef = 63A2AD241D1BEFB3008D5D59 /* libmoai-ios-3rdparty-tinyxml.a */; };
		63A2AD391D1BEFB3008D5D59 /* libmoai-ios-3rdparty-tlsf.a in Frameworks */ = {isa = PBXBuildFile; fileRef = 63A2AD251D1BEFB3008D5D59 /* libmoai-ios-3rdparty-tlsf.a */; };
		63A2AD3A1D1BEFB3008D5D59 /* libmoai-ios-3rdparty-zlib.a in Frameworks */ = {isa = PBXBuildFile; fileRef = 63A2AD261D1BEFB3008D5D59 /* libmoai-ios-3rdparty-zlib.a */; };
		63A2AD3B1D1BEFB3008D5D59 /* libmoai-ios-adcolony.a in Frameworks */ = {isa = PBXBuildFile; fileRef = 63A2AD271D1BEFB3008D5D59 /* libmoai-ios-adcolony.a */; };
		63A2AD3C1D1BEFB3008D5D59 /* libmoai-ios-chartboost.a in Frameworks */ = {isa = PBXBuildFile; fileRef = 63A2AD281D1BEFB3008D5D59 /* libmoai-ios-chartboost.a */; };
		63A2AD3D1D1BEFB3008D5D59 /* libmoai-ios-crittercism.a in Frameworks */ = {isa = PBXBuildFile; fileRef = 63A2AD291D1BEFB3008D5D59 /* libmoai-ios-crittercism.a */; };
		63A2AD3E1D1BEFB3008D5D59 /* libmoai-ios-flurry.a in Frameworks */ = {isa = PBXBuildFile; fileRef = 63A2AD2A1D1BEFB3008D5D59 /* libmoai-ios-flurry.a */; };
		63A2AD3F1D1BEFB3008D5D59 /* libmoai-ios-harfbuzz.a in Frameworks */ = {isa = PBXBuildFile; fileRef = 63A2AD2B1D1BEFB3008D5D59 /* libmoai-ios-harfbuzz.a */; };
		63A2AD401D1BEFB3008D5D59 /* libmoai-ios-kontagent.a in Frameworks */ = {isa = PBXBuildFile; fileRef = 63A2AD2C1D1BEFB3008D5D59 /* libmoai-ios-kontagent.a */; };
		63A2AD411D1BEFB3008D5D59 /* libmoai-ios-mobile-app-tracker.a in Frameworks */ = {isa = PBXBuildFile; fileRef = 63A2AD2D1D1BEFB3008D5D59 /* libmoai-ios-mobile-app-tracker.a */; };
		63A2AD421D1BEFB3008D5D59 /* libmoai-ios-tapjoy.a in Frameworks */ = {isa = PBXBuildFile; fileRef = 63A2AD2E1D1BEFB3008D5D59 /* libmoai-ios-tapjoy.a */; };
		63A2AD431D1BEFB3008D5D59 /* libmoai-ios-urban-airship.a in Frameworks */ = {isa = PBXBuildFile; fileRef = 63A2AD2F1D1BEFB3008D5D59 /* libmoai-ios-urban-airship.a */; };
		63A2AD441D1BEFB3008D5D59 /* libmoai-ios-vungle.a in Frameworks */ = {isa = PBXBuildFile; fileRef = 63A2AD301D1BEFB3008D5D59 /* libmoai-ios-vungle.a */; };
		63CF1A0B1A065C7700F731F1 /* Default-568h@2x.png in Resources */ = {isa = PBXBuildFile; fileRef = 63CF19FA1A065C7700F731F1 /* Default-568h@2x.png */; };
		63CF1AC01A06610600F731F1 /* aku_modules.cpp in Sources */ = {isa = PBXBuildFile; fileRef = 63CF1AB61A06610600F731F1 /* aku_modules.cpp */; };
		63CF1AC11A06610600F731F1 /* aku_modules_ios.mm in Sources */ = {isa = PBXBuildFile; fileRef = 63CF1ABA1A06610600F731F1 /* aku_modules_ios.mm */; };
		63CF1AC21A06610600F731F1 /* aku_modules_util.cpp in Sources */ = {isa = PBXBuildFile; fileRef = 63CF1ABC1A06610600F731F1 /* aku_modules_util.cpp */; };
		63CF1AC61A06654E00F731F1 /* AVFoundation.framework in Frameworks */ = {isa = PBXBuildFile; fileRef = 63CF1AC51A06654E00F731F1 /* AVFoundation.framework */; };
		63CF1AC81A06655F00F731F1 /* AudioToolbox.framework in Frameworks */ = {isa = PBXBuildFile; fileRef = 63CF1AC71A06655F00F731F1 /* AudioToolbox.framework */; };
		63CF1ACC1A06664400F731F1 /* CoreAudio.framework in Frameworks */ = {isa = PBXBuildFile; fileRef = 63CF1AC91A06657400F731F1 /* CoreAudio.framework */; };
		63CF1AE01A06664500F731F1 /* AdSupport.framework in Frameworks */ = {isa = PBXBuildFile; fileRef = 63CF1ACD1A06664400F731F1 /* AdSupport.framework */; };
		63CF1AE11A06664500F731F1 /* CFNetwork.framework in Frameworks */ = {isa = PBXBuildFile; fileRef = 63CF1ACE1A06664400F731F1 /* CFNetwork.framework */; };
		63CF1AE21A06664500F731F1 /* CoreGraphics.framework in Frameworks */ = {isa = PBXBuildFile; fileRef = 63CF1ACF1A06664400F731F1 /* CoreGraphics.framework */; };
		63CF1AE31A06664500F731F1 /* CoreLocation.framework in Frameworks */ = {isa = PBXBuildFile; fileRef = 63CF1AD01A06664400F731F1 /* CoreLocation.framework */; };
		63CF1AE41A06664500F731F1 /* CoreMedia.framework in Frameworks */ = {isa = PBXBuildFile; fileRef = 63CF1AD11A06664400F731F1 /* CoreMedia.framework */; };
		63CF1AE51A06664500F731F1 /* CoreMotion.framework in Frameworks */ = {isa = PBXBuildFile; fileRef = 63CF1AD21A06664400F731F1 /* CoreMotion.framework */; };
		63CF1AE61A06664500F731F1 /* CoreTelephony.framework in Frameworks */ = {isa = PBXBuildFile; fileRef = 63CF1AD31A06664400F731F1 /* CoreTelephony.framework */; };
		63CF1AE71A06664500F731F1 /* EventKit.framework in Frameworks */ = {isa = PBXBuildFile; fileRef = 63CF1AD41A06664400F731F1 /* EventKit.framework */; };
		63CF1AE81A06664500F731F1 /* Foundation.framework in Frameworks */ = {isa = PBXBuildFile; fileRef = 63CF1AD51A06664400F731F1 /* Foundation.framework */; };
		63CF1AE91A06664500F731F1 /* GameKit.framework in Frameworks */ = {isa = PBXBuildFile; fileRef = 63CF1AD61A06664400F731F1 /* GameKit.framework */; };
		63CF1AEA1A06664500F731F1 /* MediaPlayer.framework in Frameworks */ = {isa = PBXBuildFile; fileRef = 63CF1AD71A06664400F731F1 /* MediaPlayer.framework */; };
		63CF1AEB1A06664500F731F1 /* MessageUI.framework in Frameworks */ = {isa = PBXBuildFile; fileRef = 63CF1AD81A06664400F731F1 /* MessageUI.framework */; };
		63CF1AEC1A06664500F731F1 /* MobileCoreServices.framework in Frameworks */ = {isa = PBXBuildFile; fileRef = 63CF1AD91A06664400F731F1 /* MobileCoreServices.framework */; };
		63CF1AED1A06664500F731F1 /* OpenGLES.framework in Frameworks */ = {isa = PBXBuildFile; fileRef = 63CF1ADA1A06664400F731F1 /* OpenGLES.framework */; };
		63CF1AEE1A06664500F731F1 /* QuartzCore.framework in Frameworks */ = {isa = PBXBuildFile; fileRef = 63CF1ADB1A06664400F731F1 /* QuartzCore.framework */; };
		63CF1AEF1A06664500F731F1 /* Social.framework in Frameworks */ = {isa = PBXBuildFile; fileRef = 63CF1ADC1A06664400F731F1 /* Social.framework */; };
		63CF1AF01A06664500F731F1 /* StoreKit.framework in Frameworks */ = {isa = PBXBuildFile; fileRef = 63CF1ADD1A06664400F731F1 /* StoreKit.framework */; };
		63CF1AF11A06664500F731F1 /* SystemConfiguration.framework in Frameworks */ = {isa = PBXBuildFile; fileRef = 63CF1ADE1A06664400F731F1 /* SystemConfiguration.framework */; };
		63CF1AF21A06664500F731F1 /* Twitter.framework in Frameworks */ = {isa = PBXBuildFile; fileRef = 63CF1ADF1A06664400F731F1 /* Twitter.framework */; };
		63CF1AF41A06667500F731F1 /* UIKit.framework in Frameworks */ = {isa = PBXBuildFile; fileRef = 63CF1AF31A06667500F731F1 /* UIKit.framework */; };
		63CF1AF61A06675B00F731F1 /* Security.framework in Frameworks */ = {isa = PBXBuildFile; fileRef = 63CF1AF51A06675B00F731F1 /* Security.framework */; };
		63CF1AF91A066B7C00F731F1 /* main.lua in Resources */ = {isa = PBXBuildFile; fileRef = 63CF1AF81A066B7C00F731F1 /* main.lua */; };
		63D01EBB1A3864620097C3E8 /* main.mm in Sources */ = {isa = PBXBuildFile; fileRef = 63D01EB41A3864620097C3E8 /* main.mm */; };
		63D01EBC1A3864620097C3E8 /* MOAIAppDelegate.mm in Sources */ = {isa = PBXBuildFile; fileRef = 63D01EB61A3864620097C3E8 /* MOAIAppDelegate.mm */; };
		63D01EBD1A3864620097C3E8 /* MOAIView.mm in Sources */ = {isa = PBXBuildFile; fileRef = 63D01EB81A3864620097C3E8 /* MOAIView.mm */; };
		63D01EC11A38659C0097C3E8 /* hello-moai in Resources */ = {isa = PBXBuildFile; fileRef = 63D01EC01A38659C0097C3E8 /* hello-moai */; };
/* End PBXBuildFile section */

/* Begin PBXFileReference section */
		633667A61A3C4C100020E6BF /* Images.xcassets */ = {isa = PBXFileReference; lastKnownFileType = folder.assetcatalog; name = Images.xcassets; path = res/Images.xcassets; sourceTree = "<group>"; };
		636B59591CA77BCE00AAD4B0 /* libmoai-ios-3rdparty-crypto.a */ = {isa = PBXFileReference; lastKnownFileType = archive.ar; name = "libmoai-ios-3rdparty-crypto.a"; path = "lib/libmoai-ios-3rdparty-crypto.a"; sourceTree = "<group>"; };
		636B595A1CA77BCE00AAD4B0 /* libmoai-ios-apple.a */ = {isa = PBXFileReference; lastKnownFileType = archive.ar; name = "libmoai-ios-apple.a"; path = "lib/libmoai-ios-apple.a"; sourceTree = "<group>"; };
		636B595B1CA77BCE00AAD4B0 /* libmoai-ios-audio-sampler.a */ = {isa = PBXFileReference; lastKnownFileType = archive.ar; name = "libmoai-ios-audio-sampler.a"; path = "lib/libmoai-ios-audio-sampler.a"; sourceTree = "<group>"; };
		636B595C1CA77BCE00AAD4B0 /* libmoai-ios-billing.a */ = {isa = PBXFileReference; lastKnownFileType = archive.ar; name = "libmoai-ios-billing.a"; path = "lib/libmoai-ios-billing.a"; sourceTree = "<group>"; };
		636B595D1CA77BCE00AAD4B0 /* libmoai-ios-box2d.a */ = {isa = PBXFileReference; lastKnownFileType = archive.ar; name = "libmoai-ios-box2d.a"; path = "lib/libmoai-ios-box2d.a"; sourceTree = "<group>"; };
		636B595E1CA77BCE00AAD4B0 /* libmoai-ios-crypto.a */ = {isa = PBXFileReference; lastKnownFileType = archive.ar; name = "libmoai-ios-crypto.a"; path = "lib/libmoai-ios-crypto.a"; sourceTree = "<group>"; };
		636B595F1CA77BCE00AAD4B0 /* libmoai-ios-facebook.a */ = {isa = PBXFileReference; lastKnownFileType = archive.ar; name = "libmoai-ios-facebook.a"; path = "lib/libmoai-ios-facebook.a"; sourceTree = "<group>"; };
		636B59601CA77BCE00AAD4B0 /* libmoai-ios-gamecenter.a */ = {isa = PBXFileReference; lastKnownFileType = archive.ar; name = "libmoai-ios-gamecenter.a"; path = "lib/libmoai-ios-gamecenter.a"; sourceTree = "<group>"; };
		636B59611CA77BCE00AAD4B0 /* libmoai-ios-http-client.a */ = {isa = PBXFileReference; lastKnownFileType = archive.ar; name = "libmoai-ios-http-client.a"; path = "lib/libmoai-ios-http-client.a"; sourceTree = "<group>"; };
		636B59621CA77BCE00AAD4B0 /* libmoai-ios-http-server.a */ = {isa = PBXFileReference; lastKnownFileType = archive.ar; name = "libmoai-ios-http-server.a"; path = "lib/libmoai-ios-http-server.a"; sourceTree = "<group>"; };
		636B59631CA77BCE00AAD4B0 /* libmoai-ios-image-jpg.a */ = {isa = PBXFileReference; lastKnownFileType = archive.ar; name = "libmoai-ios-image-jpg.a"; path = "lib/libmoai-ios-image-jpg.a"; sourceTree = "<group>"; };
		636B59641CA77BCE00AAD4B0 /* libmoai-ios-image-png.a */ = {isa = PBXFileReference; lastKnownFileType = archive.ar; name = "libmoai-ios-image-png.a"; path = "lib/libmoai-ios-image-png.a"; sourceTree = "<group>"; };
		636B59651CA77BCE00AAD4B0 /* libmoai-ios-image-pvr.a */ = {isa = PBXFileReference; lastKnownFileType = archive.ar; name = "libmoai-ios-image-pvr.a"; path = "lib/libmoai-ios-image-pvr.a"; sourceTree = "<group>"; };
		636B59661CA77BCE00AAD4B0 /* libmoai-ios-image-webp.a */ = {isa = PBXFileReference; lastKnownFileType = archive.ar; name = "libmoai-ios-image-webp.a"; path = "lib/libmoai-ios-image-webp.a"; sourceTree = "<group>"; };
		636B59671CA77BCE00AAD4B0 /* libmoai-ios-luaext.a */ = {isa = PBXFileReference; lastKnownFileType = archive.ar; name = "libmoai-ios-luaext.a"; path = "lib/libmoai-ios-luaext.a"; sourceTree = "<group>"; };
		636B59681CA77BCE00AAD4B0 /* libmoai-ios-motion.a */ = {isa = PBXFileReference; lastKnownFileType = archive.ar; name = "libmoai-ios-motion.a"; path = "lib/libmoai-ios-motion.a"; sourceTree = "<group>"; };
		636B59691CA77BCE00AAD4B0 /* libmoai-ios-movie.a */ = {isa = PBXFileReference; lastKnownFileType = archive.ar; name = "libmoai-ios-movie.a"; path = "lib/libmoai-ios-movie.a"; sourceTree = "<group>"; };
		636B596A1CA77BCE00AAD4B0 /* libmoai-ios-sim.a */ = {isa = PBXFileReference; lastKnownFileType = archive.ar; name = "libmoai-ios-sim.a"; path = "lib/libmoai-ios-sim.a"; sourceTree = "<group>"; };
		636B596B1CA77BCE00AAD4B0 /* libmoai-ios-untz.a */ = {isa = PBXFileReference; lastKnownFileType = archive.ar; name = "libmoai-ios-untz.a"; path = "lib/libmoai-ios-untz.a"; sourceTree = "<group>"; };
		636B596C1CA77BCE00AAD4B0 /* libmoai-ios-zl-core.a */ = {isa = PBXFileReference; lastKnownFileType = archive.ar; name = "libmoai-ios-zl-core.a"; path = "lib/libmoai-ios-zl-core.a"; sourceTree = "<group>"; };
		636B596D1CA77BCE00AAD4B0 /* libmoai-ios-zl-crypto.a */ = {isa = PBXFileReference; lastKnownFileType = archive.ar; name = "libmoai-ios-zl-crypto.a"; path = "lib/libmoai-ios-zl-crypto.a"; sourceTree = "<group>"; };
		636B596E1CA77BCE00AAD4B0 /* libmoai-ios-zl-vfs.a */ = {isa = PBXFileReference; lastKnownFileType = archive.ar; name = "libmoai-ios-zl-vfs.a"; path = "lib/libmoai-ios-zl-vfs.a"; sourceTree = "<group>"; };
		636B596F1CA77BCE00AAD4B0 /* libmoai-ios.a */ = {isa = PBXFileReference; lastKnownFileType = archive.ar; name = "libmoai-ios.a"; path = "lib/libmoai-ios.a"; sourceTree = "<group>"; };
		636B59991CA783E200AAD4B0 /* FBSDKCoreKit.framework */ = {isa = PBXFileReference; lastKnownFileType = wrapper.framework; name = FBSDKCoreKit.framework; path = "3rdparty/facebook-ios-sdk-4.5.1/FBSDKCoreKit.framework"; sourceTree = "<group>"; };
		636B599A1CA783E200AAD4B0 /* FBSDKLoginKit.framework */ = {isa = PBXFileReference; lastKnownFileType = wrapper.framework; name = FBSDKLoginKit.framework; path = "3rdparty/facebook-ios-sdk-4.5.1/FBSDKLoginKit.framework"; sourceTree = "<group>"; };
		636B599B1CA783E200AAD4B0 /* FBSDKShareKit.framework */ = {isa = PBXFileReference; lastKnownFileType = wrapper.framework; name = FBSDKShareKit.framework; path = "3rdparty/facebook-ios-sdk-4.5.1/FBSDKShareKit.framework"; sourceTree = "<group>"; };
		6396B95C1BD67CA20065A9E7 /* aku_plugins.cpp */ = {isa = PBXFileReference; fileEncoding = 4; lastKnownFileType = sourcecode.cpp.cpp; path = aku_plugins.cpp; sourceTree = "<group>"; };
		63A2AD111D1BEF6D008D5D59 /* MOAICommandThread.h */ = {isa = PBXFileReference; fileEncoding = 4; lastKnownFileType = sourcecode.c.h; name = MOAICommandThread.h; path = "host-ios/MOAICommandThread.h"; sourceTree = "<group>"; };
		63A2AD121D1BEF6D008D5D59 /* MOAICommandThread.mm */ = {isa = PBXFileReference; fileEncoding = 4; lastKnownFileType = sourcecode.cpp.objcpp; name = MOAICommandThread.mm; path = "host-ios/MOAICommandThread.mm"; sourceTree = "<group>"; };
		63A2AD131D1BEF6D008D5D59 /* MOAIContextMgr.h */ = {isa = PBXFileReference; fileEncoding = 4; lastKnownFileType = sourcecode.c.h; name = MOAIContextMgr.h; path = "host-ios/MOAIContextMgr.h"; sourceTree = "<group>"; };
		63A2AD141D1BEF6D008D5D59 /* MOAIContextMgr.mm */ = {isa = PBXFileReference; fileEncoding = 4; lastKnownFileType = sourcecode.cpp.objcpp; name = MOAIContextMgr.mm; path = "host-ios/MOAIContextMgr.mm"; sourceTree = "<group>"; };
		63A2AD151D1BEF6D008D5D59 /* MOAIRenderer.h */ = {isa = PBXFileReference; fileEncoding = 4; lastKnownFileType = sourcecode.c.h; name = MOAIRenderer.h; path = "host-ios/MOAIRenderer.h"; sourceTree = "<group>"; };
		63A2AD161D1BEF6D008D5D59 /* MOAIRenderer.mm */ = {isa = PBXFileReference; fileEncoding = 4; lastKnownFileType = sourcecode.cpp.objcpp; name = MOAIRenderer.mm; path = "host-ios/MOAIRenderer.mm"; sourceTree = "<group>"; };
		63A2AD171D1BEF6D008D5D59 /* MOAIRendererAsync.h */ = {isa = PBXFileReference; fileEncoding = 4; lastKnownFileType = sourcecode.c.h; name = MOAIRendererAsync.h; path = "host-ios/MOAIRendererAsync.h"; sourceTree = "<group>"; };
		63A2AD181D1BEF6D008D5D59 /* MOAIRendererAsync.mm */ = {isa = PBXFileReference; fileEncoding = 4; lastKnownFileType = sourcecode.cpp.objcpp; name = MOAIRendererAsync.mm; path = "host-ios/MOAIRendererAsync.mm"; sourceTree = "<group>"; };
		63A2AD1D1D1BEFB3008D5D59 /* libmoai-ios-3rdparty-contrib.a */ = {isa = PBXFileReference; lastKnownFileType = archive.ar; name = "libmoai-ios-3rdparty-contrib.a"; path = "lib/libmoai-ios-3rdparty-contrib.a"; sourceTree = "<group>"; };
		63A2AD1E1D1BEFB3008D5D59 /* libmoai-ios-3rdparty-expat.a */ = {isa = PBXFileReference; lastKnownFileType = archive.ar; name = "libmoai-ios-3rdparty-expat.a"; path = "lib/libmoai-ios-3rdparty-expat.a"; sourceTree = "<group>"; };
		63A2AD1F1D1BEFB3008D5D59 /* libmoai-ios-3rdparty-freetype.a */ = {isa = PBXFileReference; lastKnownFileType = archive.ar; name = "libmoai-ios-3rdparty-freetype.a"; path = "lib/libmoai-ios-3rdparty-freetype.a"; sourceTree = "<group>"; };
		63A2AD201D1BEFB3008D5D59 /* libmoai-ios-3rdparty-jannson.a */ = {isa = PBXFileReference; lastKnownFileType = archive.ar; name = "libmoai-ios-3rdparty-jannson.a"; path = "lib/libmoai-ios-3rdparty-jannson.a"; sourceTree = "<group>"; };
		63A2AD211D1BEFB3008D5D59 /* libmoai-ios-3rdparty-liblua.a */ = {isa = PBXFileReference; lastKnownFileType = archive.ar; name = "libmoai-ios-3rdparty-liblua.a"; path = "lib/libmoai-ios-3rdparty-liblua.a"; sourceTree = "<group>"; };
		63A2AD221D1BEFB3008D5D59 /* libmoai-ios-3rdparty-libtess.a */ = {isa = PBXFileReference; lastKnownFileType = archive.ar; name = "libmoai-ios-3rdparty-libtess.a"; path = "lib/libmoai-ios-3rdparty-libtess.a"; sourceTree = "<group>"; };
		63A2AD231D1BEFB3008D5D59 /* libmoai-ios-3rdparty-sfmt.a */ = {isa = PBXFileReference; lastKnownFileType = archive.ar; name = "libmoai-ios-3rdparty-sfmt.a"; path = "lib/libmoai-ios-3rdparty-sfmt.a"; sourceTree = "<group>"; };
		63A2AD241D1BEFB3008D5D59 /* libmoai-ios-3rdparty-tinyxml.a */ = {isa = PBXFileReference; lastKnownFileType = archive.ar; name = "libmoai-ios-3rdparty-tinyxml.a"; path = "lib/libmoai-ios-3rdparty-tinyxml.a"; sourceTree = "<group>"; };
		63A2AD251D1BEFB3008D5D59 /* libmoai-ios-3rdparty-tlsf.a */ = {isa = PBXFileReference; lastKnownFileType = archive.ar; name = "libmoai-ios-3rdparty-tlsf.a"; path = "lib/libmoai-ios-3rdparty-tlsf.a"; sourceTree = "<group>"; };
		63A2AD261D1BEFB3008D5D59 /* libmoai-ios-3rdparty-zlib.a */ = {isa = PBXFileReference; lastKnownFileType = archive.ar; name = "libmoai-ios-3rdparty-zlib.a"; path = "lib/libmoai-ios-3rdparty-zlib.a"; sourceTree = "<group>"; };
		63A2AD271D1BEFB3008D5D59 /* libmoai-ios-adcolony.a */ = {isa = PBXFileReference; lastKnownFileType = archive.ar; name = "libmoai-ios-adcolony.a"; path = "lib/libmoai-ios-adcolony.a"; sourceTree = "<group>"; };
		63A2AD281D1BEFB3008D5D59 /* libmoai-ios-chartboost.a */ = {isa = PBXFileReference; lastKnownFileType = archive.ar; name = "libmoai-ios-chartboost.a"; path = "lib/libmoai-ios-chartboost.a"; sourceTree = "<group>"; };
		63A2AD291D1BEFB3008D5D59 /* libmoai-ios-crittercism.a */ = {isa = PBXFileReference; lastKnownFileType = archive.ar; name = "libmoai-ios-crittercism.a"; path = "lib/libmoai-ios-crittercism.a"; sourceTree = "<group>"; };
		63A2AD2A1D1BEFB3008D5D59 /* libmoai-ios-flurry.a */ = {isa = PBXFileReference; lastKnownFileType = archive.ar; name = "libmoai-ios-flurry.a"; path = "lib/libmoai-ios-flurry.a"; sourceTree = "<group>"; };
		63A2AD2B1D1BEFB3008D5D59 /* libmoai-ios-harfbuzz.a */ = {isa = PBXFileReference; lastKnownFileType = archive.ar; name = "libmoai-ios-harfbuzz.a"; path = "lib/libmoai-ios-harfbuzz.a"; sourceTree = "<group>"; };
		63A2AD2C1D1BEFB3008D5D59 /* libmoai-ios-kontagent.a */ = {isa = PBXFileReference; lastKnownFileType = archive.ar; name = "libmoai-ios-kontagent.a"; path = "lib/libmoai-ios-kontagent.a"; sourceTree = "<group>"; };
		63A2AD2D1D1BEFB3008D5D59 /* libmoai-ios-mobile-app-tracker.a */ = {isa = PBXFileReference; lastKnownFileType = archive.ar; name = "libmoai-ios-mobile-app-tracker.a"; path = "lib/libmoai-ios-mobile-app-tracker.a"; sourceTree = "<group>"; };
		63A2AD2E1D1BEFB3008D5D59 /* libmoai-ios-tapjoy.a */ = {isa = PBXFileReference; lastKnownFileType = archive.ar; name = "libmoai-ios-tapjoy.a"; path = "lib/libmoai-ios-tapjoy.a"; sourceTree = "<group>"; };
		63A2AD2F1D1BEFB3008D5D59 /* libmoai-ios-urban-airship.a */ = {isa = PBXFileReference; lastKnownFileType = archive.ar; name = "libmoai-ios-urban-airship.a"; path = "lib/libmoai-ios-urban-airship.a"; sourceTree = "<group>"; };
		63A2AD301D1BEFB3008D5D59 /* libmoai-ios-vungle.a */ = {isa = PBXFileReference; lastKnownFileType = archive.ar; name = "libmoai-ios-vungle.a"; path = "lib/libmoai-ios-vungle.a"; sourceTree = "<group>"; };
		63CF19C11A065B5400F731F1 /* Moai Template.app */ = {isa = PBXFileReference; explicitFileType = wrapper.application; includeInIndex = 0; path = "Moai Template.app"; sourceTree = BUILT_PRODUCTS_DIR; };
		63CF19FA1A065C7700F731F1 /* Default-568h@2x.png */ = {isa = PBXFileReference; lastKnownFileType = image.png; name = "Default-568h@2x.png"; path = "res/Default-568h@2x.png"; sourceTree = "<group>"; };
		63CF1A1C1A065D4900F731F1 /* Info.plist */ = {isa = PBXFileReference; fileEncoding = 4; lastKnownFileType = text.plist.xml; name = Info.plist; path = res/Info.plist; sourceTree = "<group>"; };
		63CF1AB61A06610600F731F1 /* aku_modules.cpp */ = {isa = PBXFileReference; fileEncoding = 4; lastKnownFileType = sourcecode.cpp.cpp; path = aku_modules.cpp; sourceTree = "<group>"; };
		63CF1AB71A06610600F731F1 /* aku_modules.h */ = {isa = PBXFileReference; fileEncoding = 4; lastKnownFileType = sourcecode.c.h; path = aku_modules.h; sourceTree = "<group>"; };
		63CF1AB81A06610600F731F1 /* aku_modules_config.h */ = {isa = PBXFileReference; fileEncoding = 4; lastKnownFileType = sourcecode.c.h; path = aku_modules_config.h; sourceTree = "<group>"; };
		63CF1AB91A06610600F731F1 /* aku_modules_ios.h */ = {isa = PBXFileReference; fileEncoding = 4; lastKnownFileType = sourcecode.c.h; path = aku_modules_ios.h; sourceTree = "<group>"; };
		63CF1ABA1A06610600F731F1 /* aku_modules_ios.mm */ = {isa = PBXFileReference; fileEncoding = 4; lastKnownFileType = sourcecode.cpp.objcpp; path = aku_modules_ios.mm; sourceTree = "<group>"; };
		63CF1ABB1A06610600F731F1 /* aku_modules_ios_config.h */ = {isa = PBXFileReference; fileEncoding = 4; lastKnownFileType = sourcecode.c.h; path = aku_modules_ios_config.h; sourceTree = "<group>"; };
		63CF1ABC1A06610600F731F1 /* aku_modules_util.cpp */ = {isa = PBXFileReference; fileEncoding = 4; lastKnownFileType = sourcecode.cpp.cpp; path = aku_modules_util.cpp; sourceTree = "<group>"; };
		63CF1ABD1A06610600F731F1 /* aku_modules_util.h */ = {isa = PBXFileReference; fileEncoding = 4; lastKnownFileType = sourcecode.c.h; path = aku_modules_util.h; sourceTree = "<group>"; };
		63CF1ABF1A06610600F731F1 /* aku_plugins.h */ = {isa = PBXFileReference; fileEncoding = 4; lastKnownFileType = sourcecode.c.h; path = aku_plugins.h; sourceTree = "<group>"; };
		63CF1AC51A06654E00F731F1 /* AVFoundation.framework */ = {isa = PBXFileReference; lastKnownFileType = wrapper.framework; name = AVFoundation.framework; path = System/Library/Frameworks/AVFoundation.framework; sourceTree = SDKROOT; };
		63CF1AC71A06655F00F731F1 /* AudioToolbox.framework */ = {isa = PBXFileReference; lastKnownFileType = wrapper.framework; name = AudioToolbox.framework; path = System/Library/Frameworks/AudioToolbox.framework; sourceTree = SDKROOT; };
		63CF1AC91A06657400F731F1 /* CoreAudio.framework */ = {isa = PBXFileReference; lastKnownFileType = wrapper.framework; name = CoreAudio.framework; path = System/Library/Frameworks/CoreAudio.framework; sourceTree = SDKROOT; };
		63CF1ACD1A06664400F731F1 /* AdSupport.framework */ = {isa = PBXFileReference; lastKnownFileType = wrapper.framework; name = AdSupport.framework; path = System/Library/Frameworks/AdSupport.framework; sourceTree = SDKROOT; };
		63CF1ACE1A06664400F731F1 /* CFNetwork.framework */ = {isa = PBXFileReference; lastKnownFileType = wrapper.framework; name = CFNetwork.framework; path = System/Library/Frameworks/CFNetwork.framework; sourceTree = SDKROOT; };
		63CF1ACF1A06664400F731F1 /* CoreGraphics.framework */ = {isa = PBXFileReference; lastKnownFileType = wrapper.framework; name = CoreGraphics.framework; path = System/Library/Frameworks/CoreGraphics.framework; sourceTree = SDKROOT; };
		63CF1AD01A06664400F731F1 /* CoreLocation.framework */ = {isa = PBXFileReference; lastKnownFileType = wrapper.framework; name = CoreLocation.framework; path = System/Library/Frameworks/CoreLocation.framework; sourceTree = SDKROOT; };
		63CF1AD11A06664400F731F1 /* CoreMedia.framework */ = {isa = PBXFileReference; lastKnownFileType = wrapper.framework; name = CoreMedia.framework; path = System/Library/Frameworks/CoreMedia.framework; sourceTree = SDKROOT; };
		63CF1AD21A06664400F731F1 /* CoreMotion.framework */ = {isa = PBXFileReference; lastKnownFileType = wrapper.framework; name = CoreMotion.framework; path = System/Library/Frameworks/CoreMotion.framework; sourceTree = SDKROOT; };
		63CF1AD31A06664400F731F1 /* CoreTelephony.framework */ = {isa = PBXFileReference; lastKnownFileType = wrapper.framework; name = CoreTelephony.framework; path = System/Library/Frameworks/CoreTelephony.framework; sourceTree = SDKROOT; };
		63CF1AD41A06664400F731F1 /* EventKit.framework */ = {isa = PBXFileReference; lastKnownFileType = wrapper.framework; name = EventKit.framework; path = System/Library/Frameworks/EventKit.framework; sourceTree = SDKROOT; };
		63CF1AD51A06664400F731F1 /* Foundation.framework */ = {isa = PBXFileReference; lastKnownFileType = wrapper.framework; name = Foundation.framework; path = System/Library/Frameworks/Foundation.framework; sourceTree = SDKROOT; };
		63CF1AD61A06664400F731F1 /* GameKit.framework */ = {isa = PBXFileReference; lastKnownFileType = wrapper.framework; name = GameKit.framework; path = System/Library/Frameworks/GameKit.framework; sourceTree = SDKROOT; };
		63CF1AD71A06664400F731F1 /* MediaPlayer.framework */ = {isa = PBXFileReference; lastKnownFileType = wrapper.framework; name = MediaPlayer.framework; path = System/Library/Frameworks/MediaPlayer.framework; sourceTree = SDKROOT; };
		63CF1AD81A06664400F731F1 /* MessageUI.framework */ = {isa = PBXFileReference; lastKnownFileType = wrapper.framework; name = MessageUI.framework; path = System/Library/Frameworks/MessageUI.framework; sourceTree = SDKROOT; };
		63CF1AD91A06664400F731F1 /* MobileCoreServices.framework */ = {isa = PBXFileReference; lastKnownFileType = wrapper.framework; name = MobileCoreServices.framework; path = System/Library/Frameworks/MobileCoreServices.framework; sourceTree = SDKROOT; };
		63CF1ADA1A06664400F731F1 /* OpenGLES.framework */ = {isa = PBXFileReference; lastKnownFileType = wrapper.framework; name = OpenGLES.framework; path = System/Library/Frameworks/OpenGLES.framework; sourceTree = SDKROOT; };
		63CF1ADB1A06664400F731F1 /* QuartzCore.framework */ = {isa = PBXFileReference; lastKnownFileType = wrapper.framework; name = QuartzCore.framework; path = System/Library/Frameworks/QuartzCore.framework; sourceTree = SDKROOT; };
		63CF1ADC1A06664400F731F1 /* Social.framework */ = {isa = PBXFileReference; lastKnownFileType = wrapper.framework; name = Social.framework; path = System/Library/Frameworks/Social.framework; sourceTree = SDKROOT; };
		63CF1ADD1A06664400F731F1 /* StoreKit.framework */ = {isa = PBXFileReference; lastKnownFileType = wrapper.framework; name = StoreKit.framework; path = System/Library/Frameworks/StoreKit.framework; sourceTree = SDKROOT; };
		63CF1ADE1A06664400F731F1 /* SystemConfiguration.framework */ = {isa = PBXFileReference; lastKnownFileType = wrapper.framework; name = SystemConfiguration.framework; path = System/Library/Frameworks/SystemConfiguration.framework; sourceTree = SDKROOT; };
		63CF1ADF1A06664400F731F1 /* Twitter.framework */ = {isa = PBXFileReference; lastKnownFileType = wrapper.framework; name = Twitter.framework; path = System/Library/Frameworks/Twitter.framework; sourceTree = SDKROOT; };
		63CF1AF31A06667500F731F1 /* UIKit.framework */ = {isa = PBXFileReference; lastKnownFileType = wrapper.framework; name = UIKit.framework; path = System/Library/Frameworks/UIKit.framework; sourceTree = SDKROOT; };
		63CF1AF51A06675B00F731F1 /* Security.framework */ = {isa = PBXFileReference; lastKnownFileType = wrapper.framework; name = Security.framework; path = System/Library/Frameworks/Security.framework; sourceTree = SDKROOT; };
		63CF1AF81A066B7C00F731F1 /* main.lua */ = {isa = PBXFileReference; fileEncoding = 4; lastKnownFileType = text; path = main.lua; sourceTree = SOURCE_ROOT; };
		63D01EB41A3864620097C3E8 /* main.mm */ = {isa = PBXFileReference; fileEncoding = 4; lastKnownFileType = sourcecode.cpp.objcpp; name = main.mm; path = "host-ios/main.mm"; sourceTree = "<group>"; };
		63D01EB51A3864620097C3E8 /* MOAIAppDelegate.h */ = {isa = PBXFileReference; fileEncoding = 4; lastKnownFileType = sourcecode.c.h; name = MOAIAppDelegate.h; path = "host-ios/MOAIAppDelegate.h"; sourceTree = "<group>"; };
		63D01EB61A3864620097C3E8 /* MOAIAppDelegate.mm */ = {isa = PBXFileReference; fileEncoding = 4; lastKnownFileType = sourcecode.cpp.objcpp; name = MOAIAppDelegate.mm; path = "host-ios/MOAIAppDelegate.mm"; sourceTree = "<group>"; };
		63D01EB71A3864620097C3E8 /* MOAIView.h */ = {isa = PBXFileReference; fileEncoding = 4; lastKnownFileType = sourcecode.c.h; name = MOAIView.h; path = "host-ios/MOAIView.h"; sourceTree = "<group>"; };
		63D01EB81A3864620097C3E8 /* MOAIView.mm */ = {isa = PBXFileReference; fileEncoding = 4; lastKnownFileType = sourcecode.cpp.objcpp; name = MOAIView.mm; path = "host-ios/MOAIView.mm"; sourceTree = "<group>"; };
		63D01EC01A38659C0097C3E8 /* hello-moai */ = {isa = PBXFileReference; lastKnownFileType = folder; name = "hello-moai"; path = "../../../samples/hello-moai"; sourceTree = "<group>"; };
/* End PBXFileReference section */

/* Begin PBXFrameworksBuildPhase section */
		63CF19BE1A065B5400F731F1 /* Frameworks */ = {
			isa = PBXFrameworksBuildPhase;
			buildActionMask = 2147483647;
			files = (
				636B599C1CA783E200AAD4B0 /* FBSDKCoreKit.framework in Frameworks */,
				636B599D1CA783E200AAD4B0 /* FBSDKLoginKit.framework in Frameworks */,
				63A2AD351D1BEFB3008D5D59 /* libmoai-ios-3rdparty-liblua.a in Frameworks */,
				63A2AD3D1D1BEFB3008D5D59 /* libmoai-ios-crittercism.a in Frameworks */,
				63A2AD421D1BEFB3008D5D59 /* libmoai-ios-tapjoy.a in Frameworks */,
				636B599E1CA783E200AAD4B0 /* FBSDKShareKit.framework in Frameworks */,
				636B59711CA77BCE00AAD4B0 /* libmoai-ios-3rdparty-crypto.a in Frameworks */,
				636B59721CA77BCE00AAD4B0 /* libmoai-ios-apple.a in Frameworks */,
				636B59731CA77BCE00AAD4B0 /* libmoai-ios-audio-sampler.a in Frameworks */,
				636B59741CA77BCE00AAD4B0 /* libmoai-ios-billing.a in Frameworks */,
				63A2AD3E1D1BEFB3008D5D59 /* libmoai-ios-flurry.a in Frameworks */,
				636B59751CA77BCE00AAD4B0 /* libmoai-ios-box2d.a in Frameworks */,
				63A2AD401D1BEFB3008D5D59 /* libmoai-ios-kontagent.a in Frameworks */,
				636B59761CA77BCE00AAD4B0 /* libmoai-ios-crypto.a in Frameworks */,
				636B59771CA77BCE00AAD4B0 /* libmoai-ios-facebook.a in Frameworks */,
				63A2AD371D1BEFB3008D5D59 /* libmoai-ios-3rdparty-sfmt.a in Frameworks */,
				63A2AD3C1D1BEFB3008D5D59 /* libmoai-ios-chartboost.a in Frameworks */,
				63A2AD381D1BEFB3008D5D59 /* libmoai-ios-3rdparty-tinyxml.a in Frameworks */,
				636B59781CA77BCE00AAD4B0 /* libmoai-ios-gamecenter.a in Frameworks */,
				636B59791CA77BCE00AAD4B0 /* libmoai-ios-http-client.a in Frameworks */,
				63A2AD331D1BEFB3008D5D59 /* libmoai-ios-3rdparty-freetype.a in Frameworks */,
				636B597A1CA77BCE00AAD4B0 /* libmoai-ios-http-server.a in Frameworks */,
				636B597B1CA77BCE00AAD4B0 /* libmoai-ios-image-jpg.a in Frameworks */,
				636B597C1CA77BCE00AAD4B0 /* libmoai-ios-image-png.a in Frameworks */,
				63A2AD341D1BEFB3008D5D59 /* libmoai-ios-3rdparty-jannson.a in Frameworks */,
				63A2AD311D1BEFB3008D5D59 /* libmoai-ios-3rdparty-contrib.a in Frameworks */,
				63A2AD361D1BEFB3008D5D59 /* libmoai-ios-3rdparty-libtess.a in Frameworks */,
				636B597D1CA77BCE00AAD4B0 /* libmoai-ios-image-pvr.a in Frameworks */,
				636B597E1CA77BCE00AAD4B0 /* libmoai-ios-image-webp.a in Frameworks */,
				636B597F1CA77BCE00AAD4B0 /* libmoai-ios-luaext.a in Frameworks */,
				636B59801CA77BCE00AAD4B0 /* libmoai-ios-motion.a in Frameworks */,
				636B59811CA77BCE00AAD4B0 /* libmoai-ios-movie.a in Frameworks */,
				63A2AD431D1BEFB3008D5D59 /* libmoai-ios-urban-airship.a in Frameworks */,
				636B59821CA77BCE00AAD4B0 /* libmoai-ios-sim.a in Frameworks */,
				636B59831CA77BCE00AAD4B0 /* libmoai-ios-untz.a in Frameworks */,
				63A2AD391D1BEFB3008D5D59 /* libmoai-ios-3rdparty-tlsf.a in Frameworks */,
				636B59841CA77BCE00AAD4B0 /* libmoai-ios-zl-core.a in Frameworks */,
				63A2AD3A1D1BEFB3008D5D59 /* libmoai-ios-3rdparty-zlib.a in Frameworks */,
				636B59851CA77BCE00AAD4B0 /* libmoai-ios-zl-crypto.a in Frameworks */,
				63A2AD321D1BEFB3008D5D59 /* libmoai-ios-3rdparty-expat.a in Frameworks */,
				63A2AD441D1BEFB3008D5D59 /* libmoai-ios-vungle.a in Frameworks */,
				636B59861CA77BCE00AAD4B0 /* libmoai-ios-zl-vfs.a in Frameworks */,
				636B59871CA77BCE00AAD4B0 /* libmoai-ios.a in Frameworks */,
				63CF1AF61A06675B00F731F1 /* Security.framework in Frameworks */,
				63CF1AF41A06667500F731F1 /* UIKit.framework in Frameworks */,
				63CF1AE01A06664500F731F1 /* AdSupport.framework in Frameworks */,
				63CF1AE11A06664500F731F1 /* CFNetwork.framework in Frameworks */,
				63CF1AE21A06664500F731F1 /* CoreGraphics.framework in Frameworks */,
				63CF1AE31A06664500F731F1 /* CoreLocation.framework in Frameworks */,
				63CF1AE41A06664500F731F1 /* CoreMedia.framework in Frameworks */,
				63CF1AE51A06664500F731F1 /* CoreMotion.framework in Frameworks */,
				63CF1AE61A06664500F731F1 /* CoreTelephony.framework in Frameworks */,
				63CF1AE71A06664500F731F1 /* EventKit.framework in Frameworks */,
				63A2AD411D1BEFB3008D5D59 /* libmoai-ios-mobile-app-tracker.a in Frameworks */,
				63CF1AE81A06664500F731F1 /* Foundation.framework in Frameworks */,
				63CF1AE91A06664500F731F1 /* GameKit.framework in Frameworks */,
				63CF1AEA1A06664500F731F1 /* MediaPlayer.framework in Frameworks */,
				63CF1AEB1A06664500F731F1 /* MessageUI.framework in Frameworks */,
				63CF1AEC1A06664500F731F1 /* MobileCoreServices.framework in Frameworks */,
				63CF1AED1A06664500F731F1 /* OpenGLES.framework in Frameworks */,
				63CF1AEE1A06664500F731F1 /* QuartzCore.framework in Frameworks */,
				63CF1AEF1A06664500F731F1 /* Social.framework in Frameworks */,
				63CF1AF01A06664500F731F1 /* StoreKit.framework in Frameworks */,
				63CF1AF11A06664500F731F1 /* SystemConfiguration.framework in Frameworks */,
				63A2AD3F1D1BEFB3008D5D59 /* libmoai-ios-harfbuzz.a in Frameworks */,
				63CF1AF21A06664500F731F1 /* Twitter.framework in Frameworks */,
				63A2AD3B1D1BEFB3008D5D59 /* libmoai-ios-adcolony.a in Frameworks */,
				63CF1ACC1A06664400F731F1 /* CoreAudio.framework in Frameworks */,
				63CF1AC81A06655F00F731F1 /* AudioToolbox.framework in Frameworks */,
				63CF1AC61A06654E00F731F1 /* AVFoundation.framework in Frameworks */,
			);
			runOnlyForDeploymentPostprocessing = 0;
		};
/* End PBXFrameworksBuildPhase section */

/* Begin PBXGroup section */
		636B59981CA77F3F00AAD4B0 /* SDK Libraries */ = {
			isa = PBXGroup;
			children = (
				636B59991CA783E200AAD4B0 /* FBSDKCoreKit.framework */,
				636B599A1CA783E200AAD4B0 /* FBSDKLoginKit.framework */,
				636B599B1CA783E200AAD4B0 /* FBSDKShareKit.framework */,
			);
			name = "SDK Libraries";
			path = ../../../sdk/moai;
			sourceTree = "<group>";
		};
		63CF19B81A065B5400F731F1 = {
			isa = PBXGroup;
			children = (
				633667A61A3C4C100020E6BF /* Images.xcassets */,
				63D01EC01A38659C0097C3E8 /* hello-moai */,
				63D01EBF1A3864760097C3E8 /* host-ios */,
				63CF19FA1A065C7700F731F1 /* Default-568h@2x.png */,
				636B59981CA77F3F00AAD4B0 /* SDK Libraries */,
				63CF1AF71A066B4100F731F1 /* iOS Libraries */,
				63CF1AB51A06610600F731F1 /* host-modules */,
				63CF1AA51A065E0F00F731F1 /* Moai Libraries */,
				63CF1A1C1A065D4900F731F1 /* Info.plist */,
				63CF1AF81A066B7C00F731F1 /* main.lua */,
				63CF19C21A065B5400F731F1 /* Products */,
			);
			sourceTree = "<group>";
		};
		63CF19C21A065B5400F731F1 /* Products */ = {
			isa = PBXGroup;
			children = (
				63CF19C11A065B5400F731F1 /* Moai Template.app */,
			);
			name = Products;
			sourceTree = "<group>";
		};
		63CF1AA51A065E0F00F731F1 /* Moai Libraries */ = {
			isa = PBXGroup;
			children = (
				63A2AD1D1D1BEFB3008D5D59 /* libmoai-ios-3rdparty-contrib.a */,
				63A2AD1E1D1BEFB3008D5D59 /* libmoai-ios-3rdparty-expat.a */,
				63A2AD1F1D1BEFB3008D5D59 /* libmoai-ios-3rdparty-freetype.a */,
				63A2AD201D1BEFB3008D5D59 /* libmoai-ios-3rdparty-jannson.a */,
				63A2AD211D1BEFB3008D5D59 /* libmoai-ios-3rdparty-liblua.a */,
				63A2AD221D1BEFB3008D5D59 /* libmoai-ios-3rdparty-libtess.a */,
				63A2AD231D1BEFB3008D5D59 /* libmoai-ios-3rdparty-sfmt.a */,
				63A2AD241D1BEFB3008D5D59 /* libmoai-ios-3rdparty-tinyxml.a */,
				63A2AD251D1BEFB3008D5D59 /* libmoai-ios-3rdparty-tlsf.a */,
				63A2AD261D1BEFB3008D5D59 /* libmoai-ios-3rdparty-zlib.a */,
				63A2AD271D1BEFB3008D5D59 /* libmoai-ios-adcolony.a */,
				63A2AD281D1BEFB3008D5D59 /* libmoai-ios-chartboost.a */,
				63A2AD291D1BEFB3008D5D59 /* libmoai-ios-crittercism.a */,
				63A2AD2A1D1BEFB3008D5D59 /* libmoai-ios-flurry.a */,
				63A2AD2B1D1BEFB3008D5D59 /* libmoai-ios-harfbuzz.a */,
				63A2AD2C1D1BEFB3008D5D59 /* libmoai-ios-kontagent.a */,
				63A2AD2D1D1BEFB3008D5D59 /* libmoai-ios-mobile-app-tracker.a */,
				63A2AD2E1D1BEFB3008D5D59 /* libmoai-ios-tapjoy.a */,
				63A2AD2F1D1BEFB3008D5D59 /* libmoai-ios-urban-airship.a */,
				63A2AD301D1BEFB3008D5D59 /* libmoai-ios-vungle.a */,
				636B59591CA77BCE00AAD4B0 /* libmoai-ios-3rdparty-crypto.a */,
				636B595A1CA77BCE00AAD4B0 /* libmoai-ios-apple.a */,
				636B595B1CA77BCE00AAD4B0 /* libmoai-ios-audio-sampler.a */,
				636B595C1CA77BCE00AAD4B0 /* libmoai-ios-billing.a */,
				636B595D1CA77BCE00AAD4B0 /* libmoai-ios-box2d.a */,
				636B595E1CA77BCE00AAD4B0 /* libmoai-ios-crypto.a */,
				636B595F1CA77BCE00AAD4B0 /* libmoai-ios-facebook.a */,
				636B59601CA77BCE00AAD4B0 /* libmoai-ios-gamecenter.a */,
				636B59611CA77BCE00AAD4B0 /* libmoai-ios-http-client.a */,
				636B59621CA77BCE00AAD4B0 /* libmoai-ios-http-server.a */,
				636B59631CA77BCE00AAD4B0 /* libmoai-ios-image-jpg.a */,
				636B59641CA77BCE00AAD4B0 /* libmoai-ios-image-png.a */,
				636B59651CA77BCE00AAD4B0 /* libmoai-ios-image-pvr.a */,
				636B59661CA77BCE00AAD4B0 /* libmoai-ios-image-webp.a */,
				636B59671CA77BCE00AAD4B0 /* libmoai-ios-luaext.a */,
				636B59681CA77BCE00AAD4B0 /* libmoai-ios-motion.a */,
				636B59691CA77BCE00AAD4B0 /* libmoai-ios-movie.a */,
				636B596A1CA77BCE00AAD4B0 /* libmoai-ios-sim.a */,
				636B596B1CA77BCE00AAD4B0 /* libmoai-ios-untz.a */,
				636B596C1CA77BCE00AAD4B0 /* libmoai-ios-zl-core.a */,
				636B596D1CA77BCE00AAD4B0 /* libmoai-ios-zl-crypto.a */,
				636B596E1CA77BCE00AAD4B0 /* libmoai-ios-zl-vfs.a */,
				636B596F1CA77BCE00AAD4B0 /* libmoai-ios.a */,
			);
			name = "Moai Libraries";
			sourceTree = "<group>";
		};
		63CF1AB51A06610600F731F1 /* host-modules */ = {
			isa = PBXGroup;
			children = (
				6396B95C1BD67CA20065A9E7 /* aku_plugins.cpp */,
				63CF1AB61A06610600F731F1 /* aku_modules.cpp */,
				63CF1AB71A06610600F731F1 /* aku_modules.h */,
				63CF1AB81A06610600F731F1 /* aku_modules_config.h */,
				63CF1AB91A06610600F731F1 /* aku_modules_ios.h */,
				63CF1ABA1A06610600F731F1 /* aku_modules_ios.mm */,
				63CF1ABB1A06610600F731F1 /* aku_modules_ios_config.h */,
				63CF1ABC1A06610600F731F1 /* aku_modules_util.cpp */,
				63CF1ABD1A06610600F731F1 /* aku_modules_util.h */,
				63CF1ABF1A06610600F731F1 /* aku_plugins.h */,
			);
			path = "host-modules";
			sourceTree = "<group>";
		};
		63CF1AF71A066B4100F731F1 /* iOS Libraries */ = {
			isa = PBXGroup;
			children = (
				63CF1AF51A06675B00F731F1 /* Security.framework */,
				63CF1AF31A06667500F731F1 /* UIKit.framework */,
				63CF1ACD1A06664400F731F1 /* AdSupport.framework */,
				63CF1ACE1A06664400F731F1 /* CFNetwork.framework */,
				63CF1ACF1A06664400F731F1 /* CoreGraphics.framework */,
				63CF1AD01A06664400F731F1 /* CoreLocation.framework */,
				63CF1AD11A06664400F731F1 /* CoreMedia.framework */,
				63CF1AD21A06664400F731F1 /* CoreMotion.framework */,
				63CF1AD31A06664400F731F1 /* CoreTelephony.framework */,
				63CF1AD41A06664400F731F1 /* EventKit.framework */,
				63CF1AD51A06664400F731F1 /* Foundation.framework */,
				63CF1AD61A06664400F731F1 /* GameKit.framework */,
				63CF1AD71A06664400F731F1 /* MediaPlayer.framework */,
				63CF1AD81A06664400F731F1 /* MessageUI.framework */,
				63CF1AD91A06664400F731F1 /* MobileCoreServices.framework */,
				63CF1ADA1A06664400F731F1 /* OpenGLES.framework */,
				63CF1ADB1A06664400F731F1 /* QuartzCore.framework */,
				63CF1ADC1A06664400F731F1 /* Social.framework */,
				63CF1ADD1A06664400F731F1 /* StoreKit.framework */,
				63CF1ADE1A06664400F731F1 /* SystemConfiguration.framework */,
				63CF1ADF1A06664400F731F1 /* Twitter.framework */,
				63CF1AC91A06657400F731F1 /* CoreAudio.framework */,
				63CF1AC71A06655F00F731F1 /* AudioToolbox.framework */,
				63CF1AC51A06654E00F731F1 /* AVFoundation.framework */,
			);
			name = "iOS Libraries";
			sourceTree = "<group>";
		};
		63D01EBF1A3864760097C3E8 /* host-ios */ = {
			isa = PBXGroup;
			children = (
				63A2AD111D1BEF6D008D5D59 /* MOAICommandThread.h */,
				63A2AD121D1BEF6D008D5D59 /* MOAICommandThread.mm */,
				63A2AD131D1BEF6D008D5D59 /* MOAIContextMgr.h */,
				63A2AD141D1BEF6D008D5D59 /* MOAIContextMgr.mm */,
				63A2AD151D1BEF6D008D5D59 /* MOAIRenderer.h */,
				63A2AD161D1BEF6D008D5D59 /* MOAIRenderer.mm */,
				63A2AD171D1BEF6D008D5D59 /* MOAIRendererAsync.h */,
				63A2AD181D1BEF6D008D5D59 /* MOAIRendererAsync.mm */,
				63D01EB41A3864620097C3E8 /* main.mm */,
				63D01EB51A3864620097C3E8 /* MOAIAppDelegate.h */,
				63D01EB61A3864620097C3E8 /* MOAIAppDelegate.mm */,
				63D01EB71A3864620097C3E8 /* MOAIView.h */,
				63D01EB81A3864620097C3E8 /* MOAIView.mm */,
			);
			name = "host-ios";
			sourceTree = "<group>";
		};
/* End PBXGroup section */

/* Begin PBXNativeTarget section */
		63CF19C01A065B5400F731F1 /* Moai Template */ = {
			isa = PBXNativeTarget;
			buildConfigurationList = 63CF19E41A065B5500F731F1 /* Build configuration list for PBXNativeTarget "Moai Template" */;
			buildPhases = (
				63CF19BD1A065B5400F731F1 /* Sources */,
				63CF19BE1A065B5400F731F1 /* Frameworks */,
				63CF19BF1A065B5400F731F1 /* Resources */,
			);
			buildRules = (
			);
			dependencies = (
			);
			name = "Moai Template";
			productName = "Moai Template";
			productReference = 63CF19C11A065B5400F731F1 /* Moai Template.app */;
			productType = "com.apple.product-type.application";
		};
/* End PBXNativeTarget section */

/* Begin PBXProject section */
		63CF19B91A065B5400F731F1 /* Project object */ = {
			isa = PBXProject;
			attributes = {
				LastUpgradeCheck = 0610;
				ORGANIZATIONNAME = Moai;
				TargetAttributes = {
					63CF19C01A065B5400F731F1 = {
						CreatedOnToolsVersion = 6.1;
					};
				};
			};
			buildConfigurationList = 63CF19BC1A065B5400F731F1 /* Build configuration list for PBXProject "Moai Template" */;
			compatibilityVersion = "Xcode 3.2";
			developmentRegion = English;
			hasScannedForEncodings = 0;
			knownRegions = (
				en,
				Base,
			);
			mainGroup = 63CF19B81A065B5400F731F1;
			productRefGroup = 63CF19C21A065B5400F731F1 /* Products */;
			projectDirPath = "";
			projectRoot = "";
			targets = (
				63CF19C01A065B5400F731F1 /* Moai Template */,
			);
		};
/* End PBXProject section */

/* Begin PBXResourcesBuildPhase section */
		63CF19BF1A065B5400F731F1 /* Resources */ = {
			isa = PBXResourcesBuildPhase;
			buildActionMask = 2147483647;
			files = (
				63CF1AF91A066B7C00F731F1 /* main.lua in Resources */,
				633667A71A3C4C100020E6BF /* Images.xcassets in Resources */,
				63D01EC11A38659C0097C3E8 /* hello-moai in Resources */,
				63CF1A0B1A065C7700F731F1 /* Default-568h@2x.png in Resources */,
			);
			runOnlyForDeploymentPostprocessing = 0;
		};
/* End PBXResourcesBuildPhase section */

/* Begin PBXSourcesBuildPhase section */
		63CF19BD1A065B5400F731F1 /* Sources */ = {
			isa = PBXSourcesBuildPhase;
			buildActionMask = 2147483647;
			files = (
				63A2AD1C1D1BEF6D008D5D59 /* MOAIRendererAsync.mm in Sources */,
				63D01EBC1A3864620097C3E8 /* MOAIAppDelegate.mm in Sources */,
				63A2AD1A1D1BEF6D008D5D59 /* MOAIContextMgr.mm in Sources */,
				63A2AD191D1BEF6D008D5D59 /* MOAICommandThread.mm in Sources */,
				6396B95D1BD67CA20065A9E7 /* aku_plugins.cpp in Sources */,
				63D01EBB1A3864620097C3E8 /* main.mm in Sources */,
				63D01EBD1A3864620097C3E8 /* MOAIView.mm in Sources */,
				63A2AD1B1D1BEF6D008D5D59 /* MOAIRenderer.mm in Sources */,
				63CF1AC21A06610600F731F1 /* aku_modules_util.cpp in Sources */,
				63CF1AC11A06610600F731F1 /* aku_modules_ios.mm in Sources */,
				63CF1AC01A06610600F731F1 /* aku_modules.cpp in Sources */,
			);
			runOnlyForDeploymentPostprocessing = 0;
		};
/* End PBXSourcesBuildPhase section */

/* Begin XCBuildConfiguration section */
		63CF19E21A065B5500F731F1 /* Debug */ = {
			isa = XCBuildConfiguration;
			buildSettings = {
				ALWAYS_SEARCH_USER_PATHS = NO;
				CLANG_CXX_LANGUAGE_STANDARD = "gnu++0x";
				CLANG_CXX_LIBRARY = "libc++";
				CLANG_ENABLE_MODULES = YES;
				CLANG_ENABLE_OBJC_ARC = YES;
				CLANG_WARN_BOOL_CONVERSION = YES;
				CLANG_WARN_CONSTANT_CONVERSION = YES;
				CLANG_WARN_DIRECT_OBJC_ISA_USAGE = YES_ERROR;
				CLANG_WARN_EMPTY_BODY = YES;
				CLANG_WARN_ENUM_CONVERSION = YES;
				CLANG_WARN_INT_CONVERSION = YES;
				CLANG_WARN_OBJC_ROOT_CLASS = YES_ERROR;
				CLANG_WARN_UNREACHABLE_CODE = YES;
				CLANG_WARN__DUPLICATE_METHOD_MATCH = YES;
				"CODE_SIGN_IDENTITY[sdk=iphoneos*]" = "iPhone Developer";
				COPY_PHASE_STRIP = NO;
				ENABLE_STRICT_OBJC_MSGSEND = YES;
				GCC_C_LANGUAGE_STANDARD = gnu99;
				GCC_DYNAMIC_NO_PIC = NO;
				GCC_OPTIMIZATION_LEVEL = 0;
				GCC_PREPROCESSOR_DEFINITIONS = (
					"DEBUG=1",
					"$(inherited)",
				);
				GCC_SYMBOLS_PRIVATE_EXTERN = NO;
				GCC_WARN_64_TO_32_BIT_CONVERSION = YES;
				GCC_WARN_ABOUT_RETURN_TYPE = YES_ERROR;
				GCC_WARN_UNDECLARED_SELECTOR = YES;
				GCC_WARN_UNINITIALIZED_AUTOS = YES_AGGRESSIVE;
				GCC_WARN_UNUSED_FUNCTION = YES;
				GCC_WARN_UNUSED_VARIABLE = YES;
				IPHONEOS_DEPLOYMENT_TARGET = 8.1;
				MTL_ENABLE_DEBUG_INFO = YES;
				ONLY_ACTIVE_ARCH = YES;
				SDKROOT = iphoneos;
				TARGETED_DEVICE_FAMILY = "1,2";
			};
			name = Debug;
		};
		63CF19E31A065B5500F731F1 /* Release */ = {
			isa = XCBuildConfiguration;
			buildSettings = {
				ALWAYS_SEARCH_USER_PATHS = NO;
				CLANG_CXX_LANGUAGE_STANDARD = "gnu++0x";
				CLANG_CXX_LIBRARY = "libc++";
				CLANG_ENABLE_MODULES = YES;
				CLANG_ENABLE_OBJC_ARC = YES;
				CLANG_WARN_BOOL_CONVERSION = YES;
				CLANG_WARN_CONSTANT_CONVERSION = YES;
				CLANG_WARN_DIRECT_OBJC_ISA_USAGE = YES_ERROR;
				CLANG_WARN_EMPTY_BODY = YES;
				CLANG_WARN_ENUM_CONVERSION = YES;
				CLANG_WARN_INT_CONVERSION = YES;
				CLANG_WARN_OBJC_ROOT_CLASS = YES_ERROR;
				CLANG_WARN_UNREACHABLE_CODE = YES;
				CLANG_WARN__DUPLICATE_METHOD_MATCH = YES;
				"CODE_SIGN_IDENTITY[sdk=iphoneos*]" = "iPhone Developer";
				COPY_PHASE_STRIP = YES;
				ENABLE_NS_ASSERTIONS = NO;
				ENABLE_STRICT_OBJC_MSGSEND = YES;
				GCC_C_LANGUAGE_STANDARD = gnu99;
				GCC_WARN_64_TO_32_BIT_CONVERSION = YES;
				GCC_WARN_ABOUT_RETURN_TYPE = YES_ERROR;
				GCC_WARN_UNDECLARED_SELECTOR = YES;
				GCC_WARN_UNINITIALIZED_AUTOS = YES_AGGRESSIVE;
				GCC_WARN_UNUSED_FUNCTION = YES;
				GCC_WARN_UNUSED_VARIABLE = YES;
				IPHONEOS_DEPLOYMENT_TARGET = 8.1;
				MTL_ENABLE_DEBUG_INFO = NO;
				SDKROOT = iphoneos;
				TARGETED_DEVICE_FAMILY = "1,2";
				VALIDATE_PRODUCT = YES;
			};
			name = Release;
		};
		63CF19E51A065B5500F731F1 /* Debug */ = {
			isa = XCBuildConfiguration;
			buildSettings = {
				ASSETCATALOG_COMPILER_APPICON_NAME = AppIcon;
				ASSETCATALOG_COMPILER_LAUNCHIMAGE_NAME = LaunchImage;
				CLANG_ENABLE_OBJC_ARC = NO;
				CODE_SIGN_IDENTITY = "iPhone Developer";
				FRAMEWORK_SEARCH_PATHS = (
					"$(inherited)",
					"$(SRCROOT)/lib",
					"$(MOAI_SDK_HOME)/3rdparty/facebook-ios-sdk-4.5.1",
				);
				GCC_PREPROCESSOR_DEFINITIONS = (
					"AKU_WITH_IOS=1",
					"DEBUG=1",
					"_DEBUG=1",
				);
				HEADER_SEARCH_PATHS = (
					"$(inherited)",
					/Applications/Xcode.app/Contents/Developer/Toolchains/XcodeDefault.xctoolchain/usr/include,
					"$(MOAI_SDK_HOME)/src",
					"$(SRCROOT)",
				);
				INFOPLIST_FILE = "$(SRCROOT)/res/Info.plist";
				LD_RUNPATH_SEARCH_PATHS = "$(inherited) @executable_path/Frameworks";
				LIBRARY_SEARCH_PATHS = (
					"$(inherited)",
					"$(PROJECT_DIR)/lib",
				);
				PRODUCT_NAME = "Moai Template";
			};
			name = Debug;
		};
		63CF19E61A065B5500F731F1 /* Release */ = {
			isa = XCBuildConfiguration;
			buildSettings = {
				ASSETCATALOG_COMPILER_APPICON_NAME = AppIcon;
				ASSETCATALOG_COMPILER_LAUNCHIMAGE_NAME = LaunchImage;
				CLANG_ENABLE_OBJC_ARC = NO;
				CODE_SIGN_IDENTITY = "iPhone Developer";
				FRAMEWORK_SEARCH_PATHS = (
					"$(inherited)",
					"$(SRCROOT)/lib",
					"$(MOAI_SDK_HOME)/3rdparty/facebook-ios-sdk-4.5.1",
				);
				GCC_PREPROCESSOR_DEFINITIONS = (
					"AKU_WITH_IOS=1",
					"NDEBUG=1",
				);
				HEADER_SEARCH_PATHS = (
					"$(inherited)",
					/Applications/Xcode.app/Contents/Developer/Toolchains/XcodeDefault.xctoolchain/usr/include,
					"$(MOAI_SDK_HOME)/src",
					"$(SRCROOT)",
				);
				INFOPLIST_FILE = "$(SRCROOT)/res/Info.plist";
				LD_RUNPATH_SEARCH_PATHS = "$(inherited) @executable_path/Frameworks";
				LIBRARY_SEARCH_PATHS = (
					"$(inherited)",
					"$(PROJECT_DIR)/lib",
				);
				PRODUCT_NAME = "Moai Template";
			};
			name = Release;
		};
/* End XCBuildConfiguration section */

/* Begin XCConfigurationList section */
		63CF19BC1A065B5400F731F1 /* Build configuration list for PBXProject "Moai Template" */ = {
			isa = XCConfigurationList;
			buildConfigurations = (
				63CF19E21A065B5500F731F1 /* Debug */,
				63CF19E31A065B5500F731F1 /* Release */,
			);
			defaultConfigurationIsVisible = 0;
			defaultConfigurationName = Release;
		};
		63CF19E41A065B5500F731F1 /* Build configuration list for PBXNativeTarget "Moai Template" */ = {
			isa = XCConfigurationList;
			buildConfigurations = (
				63CF19E51A065B5500F731F1 /* Debug */,
				63CF19E61A065B5500F731F1 /* Release */,
			);
			defaultConfigurationIsVisible = 0;
			defaultConfigurationName = Release;
		};
/* End XCConfigurationList section */
	};
	rootObject = 63CF19B91A065B5400F731F1 /* Project object */;
}
